Microsoft Visual Studio Solution File, Format Version 12.00
# Visual Studio Version 17
VisualStudioVersion = 17.5.2.0
MinimumVisualStudioVersion = 10.0.40219.1
Project("{FAE04EC0-301F-11D3-BF4B-00C04F79EFBC}") = "CSFFStopAutoSave", "CSFFStopAutoSave.csproj", "{48B5436D-E1C7-71BD-27CB-36128348B2A2}"
EndProject
Global
	GlobalSection(SolutionConfigurationPlatforms) = preSolution
		Debug|Any CPU = Debug|Any CPU
		Release|Any CPU = Release|Any CPU
	EndGlobalSection
	GlobalSection(ProjectConfigurationPlatforms) = postSolution
		{48B5436D-E1C7-71BD-27CB-36128348B2A2}.Debug|Any CPU.ActiveCfg = Debug|Any CPU
		{48B5436D-E1C7-71BD-27CB-36128348B2A2}.Debug|Any CPU.Build.0 = Debug|Any CPU
		{48B5436D-E1C7-71BD-27CB-36128348B2A2}.Release|Any CPU.ActiveCfg = Release|Any CPU
		{48B5436D-E1C7-71BD-27CB-36128348B2A2}.Release|Any CPU.Build.0 = Release|Any CPU
	EndGlobalSection
	GlobalSection(SolutionProperties) = preSolution
		HideSolutionNode = FALSE
	EndGlobalSection
	GlobalSection(ExtensibilityGlobals) = postSolution
		SolutionGuid = {558442EF-FDD5-437E-B377-D602CC9F70FC}
	EndGlobalSection
EndGlobal
